// !$*UTF8*$!
{
	archiveVersion = 1;
	classes = {
	};
	objectVersion = 51;
	objects = {

/* Begin PBXBuildFile section */
		68549297EA816CEEFC0C42BF /* Pods_Flix.framework in Frameworks */ = {isa = PBXBuildFile; fileRef = 8F500700DC6328093388D777 /* Pods_Flix.framework */; };
		8A06221F24A560C7000DFD32 /* WebKit.framework in Frameworks */ = {isa = PBXBuildFile; fileRef = 8A06221E24A560C7000DFD32 /* WebKit.framework */; };
		8A06222224A561A6000DFD32 /* TrailerViewController.m in Sources */ = {isa = PBXBuildFile; fileRef = 8A06222124A561A6000DFD32 /* TrailerViewController.m */; };
		8A24024424A512F00018527F /* DetailsViewController.m in Sources */ = {isa = PBXBuildFile; fileRef = 8A24024324A512F00018527F /* DetailsViewController.m */; };
		8A24024724A53D870018527F /* MoviesGridViewController.m in Sources */ = {isa = PBXBuildFile; fileRef = 8A24024624A53D870018527F /* MoviesGridViewController.m */; };
		8A24024A24A540480018527F /* PosterCell.m in Sources */ = {isa = PBXBuildFile; fileRef = 8A24024924A540480018527F /* PosterCell.m */; };
		8A6FBBB724ACE7E400A27173 /* Movie.m in Sources */ = {isa = PBXBuildFile; fileRef = 8A6FBBB624ACE7E400A27173 /* Movie.m */; };
		8A6FBBBA24ACF4F000A27173 /* MovieAPIManager.m in Sources */ = {isa = PBXBuildFile; fileRef = 8A6FBBB924ACF4F000A27173 /* MovieAPIManager.m */; };
		8A969A6B24A3C7CE0041FEAC /* MoviesViewController.m in Sources */ = {isa = PBXBuildFile; fileRef = 8A969A6A24A3C7CE0041FEAC /* MoviesViewController.m */; };
		8A969A6E24A3F37C0041FEAC /* MovieCell.m in Sources */ = {isa = PBXBuildFile; fileRef = 8A969A6D24A3F37C0041FEAC /* MovieCell.m */; };
		8AA213A424A3BB5900ADA926 /* AppDelegate.m in Sources */ = {isa = PBXBuildFile; fileRef = 8AA213A324A3BB5900ADA926 /* AppDelegate.m */; };
		8AA213A724A3BB5900ADA926 /* SceneDelegate.m in Sources */ = {isa = PBXBuildFile; fileRef = 8AA213A624A3BB5900ADA926 /* SceneDelegate.m */; };
		8AA213AD24A3BB5900ADA926 /* Main.storyboard in Resources */ = {isa = PBXBuildFile; fileRef = 8AA213AB24A3BB5900ADA926 /* Main.storyboard */; };
		8AA213AF24A3BB5900ADA926 /* Assets.xcassets in Resources */ = {isa = PBXBuildFile; fileRef = 8AA213AE24A3BB5900ADA926 /* Assets.xcassets */; };
		8AA213B224A3BB5900ADA926 /* LaunchScreen.storyboard in Resources */ = {isa = PBXBuildFile; fileRef = 8AA213B024A3BB5900ADA926 /* LaunchScreen.storyboard */; };
		8AA213B524A3BB5900ADA926 /* main.m in Sources */ = {isa = PBXBuildFile; fileRef = 8AA213B424A3BB5900ADA926 /* main.m */; };
		8AA213BF24A3BB5A00ADA926 /* FlixTests.m in Sources */ = {isa = PBXBuildFile; fileRef = 8AA213BE24A3BB5A00ADA926 /* FlixTests.m */; };
		8AA213CA24A3BB5A00ADA926 /* FlixUITests.m in Sources */ = {isa = PBXBuildFile; fileRef = 8AA213C924A3BB5A00ADA926 /* FlixUITests.m */; };
		C99A6A1C99062874B0409EAF /* Pods_Flix_FlixUITests.framework in Frameworks */ = {isa = PBXBuildFile; fileRef = F3E272D8F31450580262CDCE /* Pods_Flix_FlixUITests.framework */; };
		FACC6D461ED3802FA5D78CE0 /* Pods_FlixTests.framework in Frameworks */ = {isa = PBXBuildFile; fileRef = A3E3F201A0D7C560CB446D64 /* Pods_FlixTests.framework */; };
/* End PBXBuildFile section */

/* Begin PBXContainerItemProxy section */
		8AA213BB24A3BB5900ADA926 /* PBXContainerItemProxy */ = {
			isa = PBXContainerItemProxy;
			containerPortal = 8AA2139724A3BB5900ADA926 /* Project object */;
			proxyType = 1;
			remoteGlobalIDString = 8AA2139E24A3BB5900ADA926;
			remoteInfo = Flix;
		};
		8AA213C624A3BB5A00ADA926 /* PBXContainerItemProxy */ = {
			isa = PBXContainerItemProxy;
			containerPortal = 8AA2139724A3BB5900ADA926 /* Project object */;
			proxyType = 1;
			remoteGlobalIDString = 8AA2139E24A3BB5900ADA926;
			remoteInfo = Flix;
		};
/* End PBXContainerItemProxy section */

/* Begin PBXFileReference section */
		25C1C457E397EFED0F073CC6 /* Pods-Flix-FlixUITests.release.xcconfig */ = {isa = PBXFileReference; includeInIndex = 1; lastKnownFileType = text.xcconfig; name = "Pods-Flix-FlixUITests.release.xcconfig"; path = "Target Support Files/Pods-Flix-FlixUITests/Pods-Flix-FlixUITests.release.xcconfig"; sourceTree = "<group>"; };
		6907B744374CA67BA63CFC55 /* Pods-Flix.debug.xcconfig */ = {isa = PBXFileReference; includeInIndex = 1; lastKnownFileType = text.xcconfig; name = "Pods-Flix.debug.xcconfig"; path = "Target Support Files/Pods-Flix/Pods-Flix.debug.xcconfig"; sourceTree = "<group>"; };
		71FF988896ECFA6B9336DBCF /* Pods-Flix-FlixUITests.debug.xcconfig */ = {isa = PBXFileReference; includeInIndex = 1; lastKnownFileType = text.xcconfig; name = "Pods-Flix-FlixUITests.debug.xcconfig"; path = "Target Support Files/Pods-Flix-FlixUITests/Pods-Flix-FlixUITests.debug.xcconfig"; sourceTree = "<group>"; };
		8A06221E24A560C7000DFD32 /* WebKit.framework */ = {isa = PBXFileReference; lastKnownFileType = wrapper.framework; name = WebKit.framework; path = System/Library/Frameworks/WebKit.framework; sourceTree = SDKROOT; };
		8A06222024A561A6000DFD32 /* TrailerViewController.h */ = {isa = PBXFileReference; lastKnownFileType = sourcecode.c.h; path = TrailerViewController.h; sourceTree = "<group>"; };
		8A06222124A561A6000DFD32 /* TrailerViewController.m */ = {isa = PBXFileReference; lastKnownFileType = sourcecode.c.objc; path = TrailerViewController.m; sourceTree = "<group>"; };
		8A24024224A512F00018527F /* DetailsViewController.h */ = {isa = PBXFileReference; lastKnownFileType = sourcecode.c.h; path = DetailsViewController.h; sourceTree = "<group>"; };
		8A24024324A512F00018527F /* DetailsViewController.m */ = {isa = PBXFileReference; lastKnownFileType = sourcecode.c.objc; path = DetailsViewController.m; sourceTree = "<group>"; };
		8A24024524A53D870018527F /* MoviesGridViewController.h */ = {isa = PBXFileReference; lastKnownFileType = sourcecode.c.h; path = MoviesGridViewController.h; sourceTree = "<group>"; };
		8A24024624A53D870018527F /* MoviesGridViewController.m */ = {isa = PBXFileReference; lastKnownFileType = sourcecode.c.objc; path = MoviesGridViewController.m; sourceTree = "<group>"; };
		8A24024824A540480018527F /* PosterCell.h */ = {isa = PBXFileReference; lastKnownFileType = sourcecode.c.h; path = PosterCell.h; sourceTree = "<group>"; };
		8A24024924A540480018527F /* PosterCell.m */ = {isa = PBXFileReference; lastKnownFileType = sourcecode.c.objc; path = PosterCell.m; sourceTree = "<group>"; };
		8A6FBBB524ACE7E400A27173 /* Movie.h */ = {isa = PBXFileReference; lastKnownFileType = sourcecode.c.h; path = Movie.h; sourceTree = "<group>"; };
		8A6FBBB624ACE7E400A27173 /* Movie.m */ = {isa = PBXFileReference; lastKnownFileType = sourcecode.c.objc; path = Movie.m; sourceTree = "<group>"; };
		8A6FBBB824ACF4F000A27173 /* MovieAPIManager.h */ = {isa = PBXFileReference; lastKnownFileType = sourcecode.c.h; path = MovieAPIManager.h; sourceTree = "<group>"; };
		8A6FBBB924ACF4F000A27173 /* MovieAPIManager.m */ = {isa = PBXFileReference; lastKnownFileType = sourcecode.c.objc; path = MovieAPIManager.m; sourceTree = "<group>"; };
		8A969A6924A3C7CE0041FEAC /* MoviesViewController.h */ = {isa = PBXFileReference; lastKnownFileType = sourcecode.c.h; path = MoviesViewController.h; sourceTree = "<group>"; };
		8A969A6A24A3C7CE0041FEAC /* MoviesViewController.m */ = {isa = PBXFileReference; lastKnownFileType = sourcecode.c.objc; path = MoviesViewController.m; sourceTree = "<group>"; };
		8A969A6C24A3F37C0041FEAC /* MovieCell.h */ = {isa = PBXFileReference; lastKnownFileType = sourcecode.c.h; path = MovieCell.h; sourceTree = "<group>"; };
		8A969A6D24A3F37C0041FEAC /* MovieCell.m */ = {isa = PBXFileReference; lastKnownFileType = sourcecode.c.objc; path = MovieCell.m; sourceTree = "<group>"; };
		8AA2139F24A3BB5900ADA926 /* Flix.app */ = {isa = PBXFileReference; explicitFileType = wrapper.application; includeInIndex = 0; path = Flix.app; sourceTree = BUILT_PRODUCTS_DIR; };
		8AA213A224A3BB5900ADA926 /* AppDelegate.h */ = {isa = PBXFileReference; lastKnownFileType = sourcecode.c.h; path = AppDelegate.h; sourceTree = "<group>"; };
		8AA213A324A3BB5900ADA926 /* AppDelegate.m */ = {isa = PBXFileReference; lastKnownFileType = sourcecode.c.objc; path = AppDelegate.m; sourceTree = "<group>"; };
		8AA213A524A3BB5900ADA926 /* SceneDelegate.h */ = {isa = PBXFileReference; lastKnownFileType = sourcecode.c.h; path = SceneDelegate.h; sourceTree = "<group>"; };
		8AA213A624A3BB5900ADA926 /* SceneDelegate.m */ = {isa = PBXFileReference; lastKnownFileType = sourcecode.c.objc; path = SceneDelegate.m; sourceTree = "<group>"; };
		8AA213AC24A3BB5900ADA926 /* Base */ = {isa = PBXFileReference; lastKnownFileType = file.storyboard; name = Base; path = Base.lproj/Main.storyboard; sourceTree = "<group>"; };
		8AA213AE24A3BB5900ADA926 /* Assets.xcassets */ = {isa = PBXFileReference; lastKnownFileType = folder.assetcatalog; path = Assets.xcassets; sourceTree = "<group>"; };
		8AA213B124A3BB5900ADA926 /* Base */ = {isa = PBXFileReference; lastKnownFileType = file.storyboard; name = Base; path = Base.lproj/LaunchScreen.storyboard; sourceTree = "<group>"; };
		8AA213B324A3BB5900ADA926 /* Info.plist */ = {isa = PBXFileReference; lastKnownFileType = text.plist.xml; path = Info.plist; sourceTree = "<group>"; };
		8AA213B424A3BB5900ADA926 /* main.m */ = {isa = PBXFileReference; lastKnownFileType = sourcecode.c.objc; path = main.m; sourceTree = "<group>"; };
		8AA213BA24A3BB5900ADA926 /* FlixTests.xctest */ = {isa = PBXFileReference; explicitFileType = wrapper.cfbundle; includeInIndex = 0; path = FlixTests.xctest; sourceTree = BUILT_PRODUCTS_DIR; };
		8AA213BE24A3BB5A00ADA926 /* FlixTests.m */ = {isa = PBXFileReference; lastKnownFileType = sourcecode.c.objc; path = FlixTests.m; sourceTree = "<group>"; };
		8AA213C024A3BB5A00ADA926 /* Info.plist */ = {isa = PBXFileReference; lastKnownFileType = text.plist.xml; path = Info.plist; sourceTree = "<group>"; };
		8AA213C524A3BB5A00ADA926 /* FlixUITests.xctest */ = {isa = PBXFileReference; explicitFileType = wrapper.cfbundle; includeInIndex = 0; path = FlixUITests.xctest; sourceTree = BUILT_PRODUCTS_DIR; };
		8AA213C924A3BB5A00ADA926 /* FlixUITests.m */ = {isa = PBXFileReference; lastKnownFileType = sourcecode.c.objc; path = FlixUITests.m; sourceTree = "<group>"; };
		8AA213CB24A3BB5A00ADA926 /* Info.plist */ = {isa = PBXFileReference; lastKnownFileType = text.plist.xml; path = Info.plist; sourceTree = "<group>"; };
		8F500700DC6328093388D777 /* Pods_Flix.framework */ = {isa = PBXFileReference; explicitFileType = wrapper.framework; includeInIndex = 0; path = Pods_Flix.framework; sourceTree = BUILT_PRODUCTS_DIR; };
		8FA2A90B461DA6052A9B9A6C /* Pods-FlixTests.release.xcconfig */ = {isa = PBXFileReference; includeInIndex = 1; lastKnownFileType = text.xcconfig; name = "Pods-FlixTests.release.xcconfig"; path = "Target Support Files/Pods-FlixTests/Pods-FlixTests.release.xcconfig"; sourceTree = "<group>"; };
		A3E3F201A0D7C560CB446D64 /* Pods_FlixTests.framework */ = {isa = PBXFileReference; explicitFileType = wrapper.framework; includeInIndex = 0; path = Pods_FlixTests.framework; sourceTree = BUILT_PRODUCTS_DIR; };
		ADB075E7988C8A7649F1086F /* Pods-Flix.release.xcconfig */ = {isa = PBXFileReference; includeInIndex = 1; lastKnownFileType = text.xcconfig; name = "Pods-Flix.release.xcconfig"; path = "Target Support Files/Pods-Flix/Pods-Flix.release.xcconfig"; sourceTree = "<group>"; };
		B4CDADF4CB64AD9C7734CA94 /* Pods-FlixTests.debug.xcconfig */ = {isa = PBXFileReference; includeInIndex = 1; lastKnownFileType = text.xcconfig; name = "Pods-FlixTests.debug.xcconfig"; path = "Target Support Files/Pods-FlixTests/Pods-FlixTests.debug.xcconfig"; sourceTree = "<group>"; };
		F3E272D8F31450580262CDCE /* Pods_Flix_FlixUITests.framework */ = {isa = PBXFileReference; explicitFileType = wrapper.framework; includeInIndex = 0; path = Pods_Flix_FlixUITests.framework; sourceTree = BUILT_PRODUCTS_DIR; };
/* End PBXFileReference section */

/* Begin PBXFrameworksBuildPhase section */
		8AA2139C24A3BB5900ADA926 /* Frameworks */ = {
			isa = PBXFrameworksBuildPhase;
			buildActionMask = 2147483647;
			files = (
				8A06221F24A560C7000DFD32 /* WebKit.framework in Frameworks */,
				68549297EA816CEEFC0C42BF /* Pods_Flix.framework in Frameworks */,
			);
			runOnlyForDeploymentPostprocessing = 0;
		};
		8AA213B724A3BB5900ADA926 /* Frameworks */ = {
			isa = PBXFrameworksBuildPhase;
			buildActionMask = 2147483647;
			files = (
				FACC6D461ED3802FA5D78CE0 /* Pods_FlixTests.framework in Frameworks */,
			);
			runOnlyForDeploymentPostprocessing = 0;
		};
		8AA213C224A3BB5A00ADA926 /* Frameworks */ = {
			isa = PBXFrameworksBuildPhase;
			buildActionMask = 2147483647;
			files = (
				C99A6A1C99062874B0409EAF /* Pods_Flix_FlixUITests.framework in Frameworks */,
			);
			runOnlyForDeploymentPostprocessing = 0;
		};
/* End PBXFrameworksBuildPhase section */

/* Begin PBXGroup section */
		333CF9E9338E6041D15782CF /* Frameworks */ = {
			isa = PBXGroup;
			children = (
				8A06221E24A560C7000DFD32 /* WebKit.framework */,
				8F500700DC6328093388D777 /* Pods_Flix.framework */,
				F3E272D8F31450580262CDCE /* Pods_Flix_FlixUITests.framework */,
				A3E3F201A0D7C560CB446D64 /* Pods_FlixTests.framework */,
			);
			name = Frameworks;
			sourceTree = "<group>";
		};
		55B7DFA8C535C9F4BBDAAB3D /* Pods */ = {
			isa = PBXGroup;
			children = (
				6907B744374CA67BA63CFC55 /* Pods-Flix.debug.xcconfig */,
				ADB075E7988C8A7649F1086F /* Pods-Flix.release.xcconfig */,
				71FF988896ECFA6B9336DBCF /* Pods-Flix-FlixUITests.debug.xcconfig */,
				25C1C457E397EFED0F073CC6 /* Pods-Flix-FlixUITests.release.xcconfig */,
				B4CDADF4CB64AD9C7734CA94 /* Pods-FlixTests.debug.xcconfig */,
				8FA2A90B461DA6052A9B9A6C /* Pods-FlixTests.release.xcconfig */,
			);
			path = Pods;
			sourceTree = "<group>";
		};
		8A6FBBBB24ACFC1900A27173 /* Models */ = {
			isa = PBXGroup;
			children = (
				8A6FBBB524ACE7E400A27173 /* Movie.h */,
				8A6FBBB624ACE7E400A27173 /* Movie.m */,
			);
			path = Models;
			sourceTree = "<group>";
		};
		8A6FBBBC24ACFC3C00A27173 /* ViewControllers */ = {
			isa = PBXGroup;
			children = (
				8A969A6924A3C7CE0041FEAC /* MoviesViewController.h */,
				8A969A6A24A3C7CE0041FEAC /* MoviesViewController.m */,
				8A06222024A561A6000DFD32 /* TrailerViewController.h */,
				8A06222124A561A6000DFD32 /* TrailerViewController.m */,
				8A24024524A53D870018527F /* MoviesGridViewController.h */,
				8A24024624A53D870018527F /* MoviesGridViewController.m */,
				8A24024224A512F00018527F /* DetailsViewController.h */,
				8A24024324A512F00018527F /* DetailsViewController.m */,
			);
			path = ViewControllers;
			sourceTree = "<group>";
		};
		8A6FBBBD24ACFC7A00A27173 /* Prototypes */ = {
			isa = PBXGroup;
			children = (
				8A24024824A540480018527F /* PosterCell.h */,
				8A24024924A540480018527F /* PosterCell.m */,
				8A969A6C24A3F37C0041FEAC /* MovieCell.h */,
				8A969A6D24A3F37C0041FEAC /* MovieCell.m */,
			);
			path = Prototypes;
			sourceTree = "<group>";
		};
		8AA2139624A3BB5900ADA926 = {
			isa = PBXGroup;
			children = (
				8AA213A124A3BB5900ADA926 /* Flix */,
				8AA213BD24A3BB5A00ADA926 /* FlixTests */,
				8AA213C824A3BB5A00ADA926 /* FlixUITests */,
				8AA213A024A3BB5900ADA926 /* Products */,
				55B7DFA8C535C9F4BBDAAB3D /* Pods */,
				333CF9E9338E6041D15782CF /* Frameworks */,
			);
			sourceTree = "<group>";
		};
		8AA213A024A3BB5900ADA926 /* Products */ = {
			isa = PBXGroup;
			children = (
				8AA2139F24A3BB5900ADA926 /* Flix.app */,
				8AA213BA24A3BB5900ADA926 /* FlixTests.xctest */,
				8AA213C524A3BB5A00ADA926 /* FlixUITests.xctest */,
			);
			name = Products;
			sourceTree = "<group>";
		};
		8AA213A124A3BB5900ADA926 /* Flix */ = {
			isa = PBXGroup;
			children = (
				8A6FBBBD24ACFC7A00A27173 /* Prototypes */,
				8A6FBBBC24ACFC3C00A27173 /* ViewControllers */,
				8A6FBBBB24ACFC1900A27173 /* Models */,
				8A6FBBB824ACF4F000A27173 /* MovieAPIManager.h */,
				8A6FBBB924ACF4F000A27173 /* MovieAPIManager.m */,
				8AA213A224A3BB5900ADA926 /* AppDelegate.h */,
				8AA213A324A3BB5900ADA926 /* AppDelegate.m */,
				8AA213A524A3BB5900ADA926 /* SceneDelegate.h */,
				8AA213A624A3BB5900ADA926 /* SceneDelegate.m */,
				8AA213AB24A3BB5900ADA926 /* Main.storyboard */,
				8AA213AE24A3BB5900ADA926 /* Assets.xcassets */,
				8AA213B024A3BB5900ADA926 /* LaunchScreen.storyboard */,
				8AA213B324A3BB5900ADA926 /* Info.plist */,
				8AA213B424A3BB5900ADA926 /* main.m */,
			);
			path = Flix;
			sourceTree = "<group>";
		};
		8AA213BD24A3BB5A00ADA926 /* FlixTests */ = {
			isa = PBXGroup;
			children = (
				8AA213BE24A3BB5A00ADA926 /* FlixTests.m */,
				8AA213C024A3BB5A00ADA926 /* Info.plist */,
			);
			path = FlixTests;
			sourceTree = "<group>";
		};
		8AA213C824A3BB5A00ADA926 /* FlixUITests */ = {
			isa = PBXGroup;
			children = (
				8AA213C924A3BB5A00ADA926 /* FlixUITests.m */,
				8AA213CB24A3BB5A00ADA926 /* Info.plist */,
			);
			path = FlixUITests;
			sourceTree = "<group>";
		};
/* End PBXGroup section */

/* Begin PBXNativeTarget section */
		8AA2139E24A3BB5900ADA926 /* Flix */ = {
			isa = PBXNativeTarget;
			buildConfigurationList = 8AA213CE24A3BB5A00ADA926 /* Build configuration list for PBXNativeTarget "Flix" */;
			buildPhases = (
				E7748C8C0850D47E708EB727 /* [CP] Check Pods Manifest.lock */,
				8AA2139B24A3BB5900ADA926 /* Sources */,
				8AA2139C24A3BB5900ADA926 /* Frameworks */,
				8AA2139D24A3BB5900ADA926 /* Resources */,
				8AF485FB346662A08E9FCB76 /* [CP] Embed Pods Frameworks */,
			);
			buildRules = (
			);
			dependencies = (
			);
			name = Flix;
			productName = Flix;
			productReference = 8AA2139F24A3BB5900ADA926 /* Flix.app */;
			productType = "com.apple.product-type.application";
		};
		8AA213B924A3BB5900ADA926 /* FlixTests */ = {
			isa = PBXNativeTarget;
			buildConfigurationList = 8AA213D124A3BB5A00ADA926 /* Build configuration list for PBXNativeTarget "FlixTests" */;
			buildPhases = (
				300AB04ED29D61005F72D7F9 /* [CP] Check Pods Manifest.lock */,
				8AA213B624A3BB5900ADA926 /* Sources */,
				8AA213B724A3BB5900ADA926 /* Frameworks */,
				8AA213B824A3BB5900ADA926 /* Resources */,
			);
			buildRules = (
			);
			dependencies = (
				8AA213BC24A3BB5900ADA926 /* PBXTargetDependency */,
			);
			name = FlixTests;
			productName = FlixTests;
			productReference = 8AA213BA24A3BB5900ADA926 /* FlixTests.xctest */;
			productType = "com.apple.product-type.bundle.unit-test";
		};
		8AA213C424A3BB5A00ADA926 /* FlixUITests */ = {
			isa = PBXNativeTarget;
			buildConfigurationList = 8AA213D424A3BB5A00ADA926 /* Build configuration list for PBXNativeTarget "FlixUITests" */;
			buildPhases = (
				8C44F8C95436944D02B31FAC /* [CP] Check Pods Manifest.lock */,
				8AA213C124A3BB5A00ADA926 /* Sources */,
				8AA213C224A3BB5A00ADA926 /* Frameworks */,
				8AA213C324A3BB5A00ADA926 /* Resources */,
				3F4C7311762D740A51DA336F /* [CP] Embed Pods Frameworks */,
			);
			buildRules = (
			);
			dependencies = (
				8AA213C724A3BB5A00ADA926 /* PBXTargetDependency */,
			);
			name = FlixUITests;
			productName = FlixUITests;
			productReference = 8AA213C524A3BB5A00ADA926 /* FlixUITests.xctest */;
			productType = "com.apple.product-type.bundle.ui-testing";
		};
/* End PBXNativeTarget section */

/* Begin PBXProject section */
		8AA2139724A3BB5900ADA926 /* Project object */ = {
			isa = PBXProject;
			attributes = {
				LastUpgradeCheck = 1150;
				ORGANIZATIONNAME = "Ruben Green";
				TargetAttributes = {
					8AA2139E24A3BB5900ADA926 = {
						CreatedOnToolsVersion = 11.5;
					};
					8AA213B924A3BB5900ADA926 = {
						CreatedOnToolsVersion = 11.5;
						TestTargetID = 8AA2139E24A3BB5900ADA926;
					};
					8AA213C424A3BB5A00ADA926 = {
						CreatedOnToolsVersion = 11.5;
						TestTargetID = 8AA2139E24A3BB5900ADA926;
					};
				};
			};
			buildConfigurationList = 8AA2139A24A3BB5900ADA926 /* Build configuration list for PBXProject "Flix" */;
			compatibilityVersion = "Xcode 9.3";
			developmentRegion = en;
			hasScannedForEncodings = 0;
			knownRegions = (
				en,
				Base,
			);
			mainGroup = 8AA2139624A3BB5900ADA926;
			productRefGroup = 8AA213A024A3BB5900ADA926 /* Products */;
			projectDirPath = "";
			projectRoot = "";
			targets = (
				8AA2139E24A3BB5900ADA926 /* Flix */,
				8AA213B924A3BB5900ADA926 /* FlixTests */,
				8AA213C424A3BB5A00ADA926 /* FlixUITests */,
			);
		};
/* End PBXProject section */

/* Begin PBXResourcesBuildPhase section */
		8AA2139D24A3BB5900ADA926 /* Resources */ = {
			isa = PBXResourcesBuildPhase;
			buildActionMask = 2147483647;
			files = (
				8AA213B224A3BB5900ADA926 /* LaunchScreen.storyboard in Resources */,
				8AA213AF24A3BB5900ADA926 /* Assets.xcassets in Resources */,
				8AA213AD24A3BB5900ADA926 /* Main.storyboard in Resources */,
			);
			runOnlyForDeploymentPostprocessing = 0;
		};
		8AA213B824A3BB5900ADA926 /* Resources */ = {
			isa = PBXResourcesBuildPhase;
			buildActionMask = 2147483647;
			files = (
			);
			runOnlyForDeploymentPostprocessing = 0;
		};
		8AA213C324A3BB5A00ADA926 /* Resources */ = {
			isa = PBXResourcesBuildPhase;
			buildActionMask = 2147483647;
			files = (
			);
			runOnlyForDeploymentPostprocessing = 0;
		};
/* End PBXResourcesBuildPhase section */

/* Begin PBXShellScriptBuildPhase section */
		300AB04ED29D61005F72D7F9 /* [CP] Check Pods Manifest.lock */ = {
			isa = PBXShellScriptBuildPhase;
			buildActionMask = 2147483647;
			files = (
			);
			inputFileListPaths = (
			);
			inputPaths = (
				"${PODS_PODFILE_DIR_PATH}/Podfile.lock",
				"${PODS_ROOT}/Manifest.lock",
			);
			name = "[CP] Check Pods Manifest.lock";
			outputFileListPaths = (
			);
			outputPaths = (
				"$(DERIVED_FILE_DIR)/Pods-FlixTests-checkManifestLockResult.txt",
			);
			runOnlyForDeploymentPostprocessing = 0;
			shellPath = /bin/sh;
			shellScript = "diff \"${PODS_PODFILE_DIR_PATH}/Podfile.lock\" \"${PODS_ROOT}/Manifest.lock\" > /dev/null\nif [ $? != 0 ] ; then\n    # print error to STDERR\n    echo \"error: The sandbox is not in sync with the Podfile.lock. Run 'pod install' or update your CocoaPods installation.\" >&2\n    exit 1\nfi\n# This output is used by Xcode 'outputs' to avoid re-running this script phase.\necho \"SUCCESS\" > \"${SCRIPT_OUTPUT_FILE_0}\"\n";
			showEnvVarsInLog = 0;
		};
		3F4C7311762D740A51DA336F /* [CP] Embed Pods Frameworks */ = {
			isa = PBXShellScriptBuildPhase;
			buildActionMask = 2147483647;
			files = (
			);
			inputFileListPaths = (
				"${PODS_ROOT}/Target Support Files/Pods-Flix-FlixUITests/Pods-Flix-FlixUITests-frameworks-${CONFIGURATION}-input-files.xcfilelist",
			);
			name = "[CP] Embed Pods Frameworks";
			outputFileListPaths = (
				"${PODS_ROOT}/Target Support Files/Pods-Flix-FlixUITests/Pods-Flix-FlixUITests-frameworks-${CONFIGURATION}-output-files.xcfilelist",
			);
			runOnlyForDeploymentPostprocessing = 0;
			shellPath = /bin/sh;
			shellScript = "\"${PODS_ROOT}/Target Support Files/Pods-Flix-FlixUITests/Pods-Flix-FlixUITests-frameworks.sh\"\n";
			showEnvVarsInLog = 0;
		};
		8AF485FB346662A08E9FCB76 /* [CP] Embed Pods Frameworks */ = {
			isa = PBXShellScriptBuildPhase;
			buildActionMask = 2147483647;
			files = (
			);
			inputFileListPaths = (
				"${PODS_ROOT}/Target Support Files/Pods-Flix/Pods-Flix-frameworks-${CONFIGURATION}-input-files.xcfilelist",
			);
			name = "[CP] Embed Pods Frameworks";
			outputFileListPaths = (
				"${PODS_ROOT}/Target Support Files/Pods-Flix/Pods-Flix-frameworks-${CONFIGURATION}-output-files.xcfilelist",
			);
			runOnlyForDeploymentPostprocessing = 0;
			shellPath = /bin/sh;
			shellScript = "\"${PODS_ROOT}/Target Support Files/Pods-Flix/Pods-Flix-frameworks.sh\"\n";
			showEnvVarsInLog = 0;
		};
		8C44F8C95436944D02B31FAC /* [CP] Check Pods Manifest.lock */ = {
			isa = PBXShellScriptBuildPhase;
			buildActionMask = 2147483647;
			files = (
			);
			inputFileListPaths = (
			);
			inputPaths = (
				"${PODS_PODFILE_DIR_PATH}/Podfile.lock",
				"${PODS_ROOT}/Manifest.lock",
			);
			name = "[CP] Check Pods Manifest.lock";
			outputFileListPaths = (
			);
			outputPaths = (
				"$(DERIVED_FILE_DIR)/Pods-Flix-FlixUITests-checkManifestLockResult.txt",
			);
			runOnlyForDeploymentPostprocessing = 0;
			shellPath = /bin/sh;
			shellScript = "diff \"${PODS_PODFILE_DIR_PATH}/Podfile.lock\" \"${PODS_ROOT}/Manifest.lock\" > /dev/null\nif [ $? != 0 ] ; then\n    # print error to STDERR\n    echo \"error: The sandbox is not in sync with the Podfile.lock. Run 'pod install' or update your CocoaPods installation.\" >&2\n    exit 1\nfi\n# This output is used by Xcode 'outputs' to avoid re-running this script phase.\necho \"SUCCESS\" > \"${SCRIPT_OUTPUT_FILE_0}\"\n";
			showEnvVarsInLog = 0;
		};
		E7748C8C0850D47E708EB727 /* [CP] Check Pods Manifest.lock */ = {
			isa = PBXShellScriptBuildPhase;
			buildActionMask = 2147483647;
			files = (
			);
			inputFileListPaths = (
			);
			inputPaths = (
				"${PODS_PODFILE_DIR_PATH}/Podfile.lock",
				"${PODS_ROOT}/Manifest.lock",
			);
			name = "[CP] Check Pods Manifest.lock";
			outputFileListPaths = (
			);
			outputPaths = (
				"$(DERIVED_FILE_DIR)/Pods-Flix-checkManifestLockResult.txt",
			);
			runOnlyForDeploymentPostprocessing = 0;
			shellPath = /bin/sh;
			shellScript = "diff \"${PODS_PODFILE_DIR_PATH}/Podfile.lock\" \"${PODS_ROOT}/Manifest.lock\" > /dev/null\nif [ $? != 0 ] ; then\n    # print error to STDERR\n    echo \"error: The sandbox is not in sync with the Podfile.lock. Run 'pod install' or update your CocoaPods installation.\" >&2\n    exit 1\nfi\n# This output is used by Xcode 'outputs' to avoid re-running this script phase.\necho \"SUCCESS\" > \"${SCRIPT_OUTPUT_FILE_0}\"\n";
			showEnvVarsInLog = 0;
		};
/* End PBXShellScriptBuildPhase section */

/* Begin PBXSourcesBuildPhase section */
		8AA2139B24A3BB5900ADA926 /* Sources */ = {
			isa = PBXSourcesBuildPhase;
			buildActionMask = 2147483647;
			files = (
				8A6FBBB724ACE7E400A27173 /* Movie.m in Sources */,
				8A6FBBBA24ACF4F000A27173 /* MovieAPIManager.m in Sources */,
				8AA213A424A3BB5900ADA926 /* AppDelegate.m in Sources */,
				8A06222224A561A6000DFD32 /* TrailerViewController.m in Sources */,
				8A969A6E24A3F37C0041FEAC /* MovieCell.m in Sources */,
				8A969A6B24A3C7CE0041FEAC /* MoviesViewController.m in Sources */,
				8A24024424A512F00018527F /* DetailsViewController.m in Sources */,
				8A24024724A53D870018527F /* MoviesGridViewController.m in Sources */,
				8AA213B524A3BB5900ADA926 /* main.m in Sources */,
				8AA213A724A3BB5900ADA926 /* SceneDelegate.m in Sources */,
				8A24024A24A540480018527F /* PosterCell.m in Sources */,
			);
			runOnlyForDeploymentPostprocessing = 0;
		};
		8AA213B624A3BB5900ADA926 /* Sources */ = {
			isa = PBXSourcesBuildPhase;
			buildActionMask = 2147483647;
			files = (
				8AA213BF24A3BB5A00ADA926 /* FlixTests.m in Sources */,
			);
			runOnlyForDeploymentPostprocessing = 0;
		};
		8AA213C124A3BB5A00ADA926 /* Sources */ = {
			isa = PBXSourcesBuildPhase;
			buildActionMask = 2147483647;
			files = (
				8AA213CA24A3BB5A00ADA926 /* FlixUITests.m in Sources */,
			);
			runOnlyForDeploymentPostprocessing = 0;
		};
/* End PBXSourcesBuildPhase section */

/* Begin PBXTargetDependency section */
		8AA213BC24A3BB5900ADA926 /* PBXTargetDependency */ = {
			isa = PBXTargetDependency;
			target = 8AA2139E24A3BB5900ADA926 /* Flix */;
			targetProxy = 8AA213BB24A3BB5900ADA926 /* PBXContainerItemProxy */;
		};
		8AA213C724A3BB5A00ADA926 /* PBXTargetDependency */ = {
			isa = PBXTargetDependency;
			target = 8AA2139E24A3BB5900ADA926 /* Flix */;
			targetProxy = 8AA213C624A3BB5A00ADA926 /* PBXContainerItemProxy */;
		};
/* End PBXTargetDependency section */

/* Begin PBXVariantGroup section */
		8AA213AB24A3BB5900ADA926 /* Main.storyboard */ = {
			isa = PBXVariantGroup;
			children = (
				8AA213AC24A3BB5900ADA926 /* Base */,
			);
			name = Main.storyboard;
			sourceTree = "<group>";
		};
		8AA213B024A3BB5900ADA926 /* LaunchScreen.storyboard */ = {
			isa = PBXVariantGroup;
			children = (
				8AA213B124A3BB5900ADA926 /* Base */,
			);
			name = LaunchScreen.storyboard;
			sourceTree = "<group>";
		};
/* End PBXVariantGroup section */

/* Begin XCBuildConfiguration section */
		8AA213CC24A3BB5A00ADA926 /* Debug */ = {
			isa = XCBuildConfiguration;
			buildSettings = {
				ALWAYS_SEARCH_USER_PATHS = NO;
				CLANG_ANALYZER_NONNULL = YES;
				CLANG_ANALYZER_NUMBER_OBJECT_CONVERSION = YES_AGGRESSIVE;
				CLANG_CXX_LANGUAGE_STANDARD = "gnu++14";
				CLANG_CXX_LIBRARY = "libc++";
				CLANG_ENABLE_MODULES = YES;
				CLANG_ENABLE_OBJC_ARC = YES;
				CLANG_ENABLE_OBJC_WEAK = YES;
				CLANG_WARN_BLOCK_CAPTURE_AUTORELEASING = YES;
				CLANG_WARN_BOOL_CONVERSION = YES;
				CLANG_WARN_COMMA = YES;
				CLANG_WARN_CONSTANT_CONVERSION = YES;
				CLANG_WARN_DEPRECATED_OBJC_IMPLEMENTATIONS = YES;
				CLANG_WARN_DIRECT_OBJC_ISA_USAGE = YES_ERROR;
				CLANG_WARN_DOCUMENTATION_COMMENTS = YES;
				CLANG_WARN_EMPTY_BODY = YES;
				CLANG_WARN_ENUM_CONVERSION = YES;
				CLANG_WARN_INFINITE_RECURSION = YES;
				CLANG_WARN_INT_CONVERSION = YES;
				CLANG_WARN_NON_LITERAL_NULL_CONVERSION = YES;
				CLANG_WARN_OBJC_IMPLICIT_RETAIN_SELF = YES;
				CLANG_WARN_OBJC_LITERAL_CONVERSION = YES;
				CLANG_WARN_OBJC_ROOT_CLASS = YES_ERROR;
				CLANG_WARN_RANGE_LOOP_ANALYSIS = YES;
				CLANG_WARN_STRICT_PROTOTYPES = YES;
				CLANG_WARN_SUSPICIOUS_MOVE = YES;
				CLANG_WARN_UNGUARDED_AVAILABILITY = YES_AGGRESSIVE;
				CLANG_WARN_UNREACHABLE_CODE = YES;
				CLANG_WARN__DUPLICATE_METHOD_MATCH = YES;
				COPY_PHASE_STRIP = NO;
				DEBUG_INFORMATION_FORMAT = dwarf;
				ENABLE_STRICT_OBJC_MSGSEND = YES;
				ENABLE_TESTABILITY = YES;
				GCC_C_LANGUAGE_STANDARD = gnu11;
				GCC_DYNAMIC_NO_PIC = NO;
				GCC_NO_COMMON_BLOCKS = YES;
				GCC_OPTIMIZATION_LEVEL = 0;
				GCC_PREPROCESSOR_DEFINITIONS = (
					"DEBUG=1",
					"$(inherited)",
				);
				GCC_WARN_64_TO_32_BIT_CONVERSION = YES;
				GCC_WARN_ABOUT_RETURN_TYPE = YES_ERROR;
				GCC_WARN_UNDECLARED_SELECTOR = YES;
				GCC_WARN_UNINITIALIZED_AUTOS = YES_AGGRESSIVE;
				GCC_WARN_UNUSED_FUNCTION = YES;
				GCC_WARN_UNUSED_VARIABLE = YES;
				IPHONEOS_DEPLOYMENT_TARGET = 13.5;
				MTL_ENABLE_DEBUG_INFO = INCLUDE_SOURCE;
				MTL_FAST_MATH = YES;
				ONLY_ACTIVE_ARCH = YES;
				SDKROOT = iphoneos;
			};
			name = Debug;
		};
		8AA213CD24A3BB5A00ADA926 /* Release */ = {
			isa = XCBuildConfiguration;
			buildSettings = {
				ALWAYS_SEARCH_USER_PATHS = NO;
				CLANG_ANALYZER_NONNULL = YES;
				CLANG_ANALYZER_NUMBER_OBJECT_CONVERSION = YES_AGGRESSIVE;
				CLANG_CXX_LANGUAGE_STANDARD = "gnu++14";
				CLANG_CXX_LIBRARY = "libc++";
				CLANG_ENABLE_MODULES = YES;
				CLANG_ENABLE_OBJC_ARC = YES;
				CLANG_ENABLE_OBJC_WEAK = YES;
				CLANG_WARN_BLOCK_CAPTURE_AUTORELEASING = YES;
				CLANG_WARN_BOOL_CONVERSION = YES;
				CLANG_WARN_COMMA = YES;
				CLANG_WARN_CONSTANT_CONVERSION = YES;
				CLANG_WARN_DEPRECATED_OBJC_IMPLEMENTATIONS = YES;
				CLANG_WARN_DIRECT_OBJC_ISA_USAGE = YES_ERROR;
				CLANG_WARN_DOCUMENTATION_COMMENTS = YES;
				CLANG_WARN_EMPTY_BODY = YES;
				CLANG_WARN_ENUM_CONVERSION = YES;
				CLANG_WARN_INFINITE_RECURSION = YES;
				CLANG_WARN_INT_CONVERSION = YES;
				CLANG_WARN_NON_LITERAL_NULL_CONVERSION = YES;
				CLANG_WARN_OBJC_IMPLICIT_RETAIN_SELF = YES;
				CLANG_WARN_OBJC_LITERAL_CONVERSION = YES;
				CLANG_WARN_OBJC_ROOT_CLASS = YES_ERROR;
				CLANG_WARN_RANGE_LOOP_ANALYSIS = YES;
				CLANG_WARN_STRICT_PROTOTYPES = YES;
				CLANG_WARN_SUSPICIOUS_MOVE = YES;
				CLANG_WARN_UNGUARDED_AVAILABILITY = YES_AGGRESSIVE;
				CLANG_WARN_UNREACHABLE_CODE = YES;
				CLANG_WARN__DUPLICATE_METHOD_MATCH = YES;
				COPY_PHASE_STRIP = NO;
				DEBUG_INFORMATION_FORMAT = "dwarf-with-dsym";
				ENABLE_NS_ASSERTIONS = NO;
				ENABLE_STRICT_OBJC_MSGSEND = YES;
				GCC_C_LANGUAGE_STANDARD = gnu11;
				GCC_NO_COMMON_BLOCKS = YES;
				GCC_WARN_64_TO_32_BIT_CONVERSION = YES;
				GCC_WARN_ABOUT_RETURN_TYPE = YES_ERROR;
				GCC_WARN_UNDECLARED_SELECTOR = YES;
				GCC_WARN_UNINITIALIZED_AUTOS = YES_AGGRESSIVE;
				GCC_WARN_UNUSED_FUNCTION = YES;
				GCC_WARN_UNUSED_VARIABLE = YES;
				IPHONEOS_DEPLOYMENT_TARGET = 13.5;
				MTL_ENABLE_DEBUG_INFO = NO;
				MTL_FAST_MATH = YES;
				SDKROOT = iphoneos;
				VALIDATE_PRODUCT = YES;
			};
			name = Release;
		};
		8AA213CF24A3BB5A00ADA926 /* Debug */ = {
			isa = XCBuildConfiguration;
			baseConfigurationReference = 6907B744374CA67BA63CFC55 /* Pods-Flix.debug.xcconfig */;
			buildSettings = {
				ASSETCATALOG_COMPILER_APPICON_NAME = AppIcon;
				CODE_SIGN_STYLE = Automatic;
				DEVELOPMENT_TEAM = HMPSKTZRRR;
				INFOPLIST_FILE = Flix/Info.plist;
				LD_RUNPATH_SEARCH_PATHS = (
					"$(inherited)",
					"@executable_path/Frameworks",
				);
				PRODUCT_BUNDLE_IDENTIFIER = com.ragreen.Flix;
				PRODUCT_NAME = "$(TARGET_NAME)";
				TARGETED_DEVICE_FAMILY = "1,2";
			};
			name = Debug;
		};
		8AA213D024A3BB5A00ADA926 /* Release */ = {
			isa = XCBuildConfiguration;
			baseConfigurationReference = ADB075E7988C8A7649F1086F /* Pods-Flix.release.xcconfig */;
			buildSettings = {
				ASSETCATALOG_COMPILER_APPICON_NAME = AppIcon;
				CODE_SIGN_STYLE = Automatic;
				DEVELOPMENT_TEAM = HMPSKTZRRR;
				INFOPLIST_FILE = Flix/Info.plist;
				LD_RUNPATH_SEARCH_PATHS = (
					"$(inherited)",
					"@executable_path/Frameworks",
				);
				PRODUCT_BUNDLE_IDENTIFIER = com.ragreen.Flix;
				PRODUCT_NAME = "$(TARGET_NAME)";
				TARGETED_DEVICE_FAMILY = "1,2";
			};
			name = Release;
		};
		8AA213D224A3BB5A00ADA926 /* Debug */ = {
			isa = XCBuildConfiguration;
			baseConfigurationReference = B4CDADF4CB64AD9C7734CA94 /* Pods-FlixTests.debug.xcconfig */;
			buildSettings = {
				BUNDLE_LOADER = "$(TEST_HOST)";
				CODE_SIGN_STYLE = Automatic;
				INFOPLIST_FILE = FlixTests/Info.plist;
				IPHONEOS_DEPLOYMENT_TARGET = 13.5;
				LD_RUNPATH_SEARCH_PATHS = (
					"$(inherited)",
					"@executable_path/Frameworks",
					"@loader_path/Frameworks",
				);
				PRODUCT_BUNDLE_IDENTIFIER = com.ragreen.FlixTests;
				PRODUCT_NAME = "$(TARGET_NAME)";
				TARGETED_DEVICE_FAMILY = "1,2";
				TEST_HOST = "$(BUILT_PRODUCTS_DIR)/Flix.app/Flix";
			};
			name = Debug;
		};
		8AA213D324A3BB5A00ADA926 /* Release */ = {
			isa = XCBuildConfiguration;
			baseConfigurationReference = 8FA2A90B461DA6052A9B9A6C /* Pods-FlixTests.release.xcconfig */;
			buildSettings = {
				BUNDLE_LOADER = "$(TEST_HOST)";
				CODE_SIGN_STYLE = Automatic;
				INFOPLIST_FILE = FlixTests/Info.plist;
				IPHONEOS_DEPLOYMENT_TARGET = 13.5;
				LD_RUNPATH_SEARCH_PATHS = (
					"$(inherited)",
					"@executable_path/Frameworks",
					"@loader_path/Frameworks",
				);
				PRODUCT_BUNDLE_IDENTIFIER = com.ragreen.FlixTests;
				PRODUCT_NAME = "$(TARGET_NAME)";
				TARGETED_DEVICE_FAMILY = "1,2";
				TEST_HOST = "$(BUILT_PRODUCTS_DIR)/Flix.app/Flix";
			};
			name = Release;
		};
		8AA213D524A3BB5A00ADA926 /* Debug */ = {
			isa = XCBuildConfiguration;
			baseConfigurationReference = 71FF988896ECFA6B9336DBCF /* Pods-Flix-FlixUITests.debug.xcconfig */;
			buildSettings = {
				CODE_SIGN_STYLE = Automatic;
				INFOPLIST_FILE = FlixUITests/Info.plist;
				LD_RUNPATH_SEARCH_PATHS = (
					"$(inherited)",
					"@executable_path/Frameworks",
					"@loader_path/Frameworks",
				);
				PRODUCT_BUNDLE_IDENTIFIER = com.ragreen.FlixUITests;
				PRODUCT_NAME = "$(TARGET_NAME)";
				TARGETED_DEVICE_FAMILY = "1,2";
				TEST_TARGET_NAME = Flix;
			};
			name = Debug;
		};
		8AA213D624A3BB5A00ADA926 /* Release */ = {
			isa = XCBuildConfiguration;
			baseConfigurationReference = 25C1C457E397EFED0F073CC6 /* Pods-Flix-FlixUITests.release.xcconfig */;
			buildSettings = {
				CODE_SIGN_STYLE = Automatic;
				INFOPLIST_FILE = FlixUITests/Info.plist;
				LD_RUNPATH_SEARCH_PATHS = (
					"$(inherited)",
					"@executable_path/Frameworks",
					"@loader_path/Frameworks",
				);
				PRODUCT_BUNDLE_IDENTIFIER = com.ragreen.FlixUITests;
				PRODUCT_NAME = "$(TARGET_NAME)";
				TARGETED_DEVICE_FAMILY = "1,2";
				TEST_TARGET_NAME = Flix;
			};
			name = Release;
		};
/* End XCBuildConfiguration section */

/* Begin XCConfigurationList section */
		8AA2139A24A3BB5900ADA926 /* Build configuration list for PBXProject "Flix" */ = {
			isa = XCConfigurationList;
			buildConfigurations = (
				8AA213CC24A3BB5A00ADA926 /* Debug */,
				8AA213CD24A3BB5A00ADA926 /* Release */,
			);
			defaultConfigurationIsVisible = 0;
			defaultConfigurationName = Release;
		};
		8AA213CE24A3BB5A00ADA926 /* Build configuration list for PBXNativeTarget "Flix" */ = {
			isa = XCConfigurationList;
			buildConfigurations = (
				8AA213CF24A3BB5A00ADA926 /* Debug */,
				8AA213D024A3BB5A00ADA926 /* Release */,
			);
			defaultConfigurationIsVisible = 0;
			defaultConfigurationName = Release;
		};
		8AA213D124A3BB5A00ADA926 /* Build configuration list for PBXNativeTarget "FlixTests" */ = {
			isa = XCConfigurationList;
			buildConfigurations = (
				8AA213D224A3BB5A00ADA926 /* Debug */,
				8AA213D324A3BB5A00ADA926 /* Release */,
			);
			defaultConfigurationIsVisible = 0;
			defaultConfigurationName = Release;
		};
		8AA213D424A3BB5A00ADA926 /* Build configuration list for PBXNativeTarget "FlixUITests" */ = {
			isa = XCConfigurationList;
			buildConfigurations = (
				8AA213D524A3BB5A00ADA926 /* Debug */,
				8AA213D624A3BB5A00ADA926 /* Release */,
			);
			defaultConfigurationIsVisible = 0;
			defaultConfigurationName = Release;
		};
/* End XCConfigurationList section */
	};
	rootObject = 8AA2139724A3BB5900ADA926 /* Project object */;
}
